
Microsoft Visual Studio Solution File, Format Version 12.00
# Visual Studio Version 18
VisualStudioVersion = 18.1.11304.174
MinimumVisualStudioVersion = 10.0.40219.1
Project("{FAE04EC0-301F-11D3-BF4B-00C04F79EFBC}") = "AddyScript", "AddyScript\AddyScript.csproj", "{A114CFE7-08D1-46CC-8131-22111E4DA0D2}"
EndProject
Project("{FAE04EC0-301F-11D3-BF4B-00C04F79EFBC}") = "AddyScript.Interactive", "AddyScript.Interactive\AddyScript.Interactive.csproj", "{0FE376A9-5370-42AE-8EF0-D3D28B93F82B}"
EndProject
Project("{FAE04EC0-301F-11D3-BF4B-00C04F79EFBC}") = "AddyScript.Tests", "AddyScript.Tests\AddyScript.Tests.csproj", "{0A24A20E-8751-417A-B77C-B71DB21F609A}"
EndProject
Project("{FAE04EC0-301F-11D3-BF4B-00C04F79EFBC}") = "AddyScript.Gui", "AddyScript.Gui\AddyScript.Gui.csproj", "{59C242A8-5333-443E-8E8F-17EDD536F234}"
EndProject
Project("{FAE04EC0-301F-11D3-BF4B-00C04F79EFBC}") = "Pty.Net", "Pty.Net\Pty.Net.csproj", "{CB0753C7-9EEE-4A94-B2E0-9A68DC358B17}"
EndProject
Project("{2150E333-8FDC-42A3-9474-1A3956D46DE8}") = "Solution items", "Solution items", "{AF129D32-8893-4D2F-8FB2-42D5394F1056}"
	ProjectSection(SolutionItems) = preProject
		..\.gitignore = ..\.gitignore
		..\mkdocs.yml = ..\mkdocs.yml
		..\README.md = ..\README.md
	EndProjectSection
EndProject
Project("{2150E333-8FDC-42A3-9474-1A3956D46DE8}") = "workflows", "workflows", "{B0734001-F12C-4887-8AF0-898C5FD43CC4}"
	ProjectSection(SolutionItems) = preProject
		..\.github\workflows\mkdocs.yml = ..\.github\workflows\mkdocs.yml
	EndProjectSection
EndProject
Project("{2150E333-8FDC-42A3-9474-1A3956D46DE8}") = "docs", "docs", "{6EBB68CC-3D46-49CF-8606-9E9B1F852E1F}"
	ProjectSection(SolutionItems) = preProject
		..\docs\aboutauth.md = ..\docs\aboutauth.md
		..\docs\anatomy.md = ..\docs\anatomy.md
		..\docs\asgui-asis.md = ..\docs\asgui-asis.md
		..\docs\classes.md = ..\docs\classes.md
		..\docs\col-obj.md = ..\docs\col-obj.md
		..\docs\evaluate.md = ..\docs\evaluate.md
		..\docs\exceptions.md = ..\docs\exceptions.md
		..\docs\expressions.md = ..\docs\expressions.md
		..\docs\extapi.md = ..\docs\extapi.md
		..\docs\extlang.md = ..\docs\extlang.md
		..\docs\features.md = ..\docs\features.md
		..\docs\flow-control.md = ..\docs\flow-control.md
		..\docs\grammar.md = ..\docs\grammar.md
		..\docs\history.md = ..\docs\history.md
		..\docs\improve.md = ..\docs\improve.md
		..\docs\inheritance.md = ..\docs\inheritance.md
		..\docs\innerfunc.md = ..\docs\innerfunc.md
		..\docs\interop.md = ..\docs\interop.md
		..\docs\interpret.md = ..\docs\interpret.md
		..\docs\introspection.md = ..\docs\introspection.md
		..\docs\license.md = ..\docs\license.md
		..\docs\README.md = ..\docs\README.md
		..\docs\scriptengine.md = ..\docs\scriptengine.md
		..\docs\spec-types.md = ..\docs\spec-types.md
		..\docs\userfunc.md = ..\docs\userfunc.md
	EndProjectSection
EndProject
Project("{2150E333-8FDC-42A3-9474-1A3956D46DE8}") = "diagram", "diagram", "{409F11D0-0D63-4D73-9DAB-D79C38FC68DC}"
	ProjectSection(SolutionItems) = preProject
		..\docs\diagram\Argument.svg = ..\docs\diagram\Argument.svg
		..\docs\diagram\ArgumentList.svg = ..\docs\diagram\ArgumentList.svg
		..\docs\diagram\Arguments.svg = ..\docs\diagram\Arguments.svg
		..\docs\diagram\Assignment.svg = ..\docs\diagram\Assignment.svg
		..\docs\diagram\AssignmentOperator.svg = ..\docs\diagram\AssignmentOperator.svg
		..\docs\diagram\AssignmentWithLet.svg = ..\docs\diagram\AssignmentWithLet.svg
		..\docs\diagram\Atom.svg = ..\docs\diagram\Atom.svg
		..\docs\diagram\AtomStartingWithId.svg = ..\docs\diagram\AtomStartingWithId.svg
		..\docs\diagram\AtomStartingWithLBrace.svg = ..\docs\diagram\AtomStartingWithLBrace.svg
		..\docs\diagram\AtomStartingWithLParen.svg = ..\docs\diagram\AtomStartingWithLParen.svg
		..\docs\diagram\AtomStartingWithNew.svg = ..\docs\diagram\AtomStartingWithNew.svg
		..\docs\diagram\AtomStartingWithSuper.svg = ..\docs\diagram\AtomStartingWithSuper.svg
		..\docs\diagram\AtomStartingWithTypeName.svg = ..\docs\diagram\AtomStartingWithTypeName.svg
		..\docs\diagram\AtomStartingWithTypeOf.svg = ..\docs\diagram\AtomStartingWithTypeOf.svg
		..\docs\diagram\Attribute.svg = ..\docs\diagram\Attribute.svg
		..\docs\diagram\Attributes.svg = ..\docs\diagram\Attributes.svg
		..\docs\diagram\BIG_DECIMAL.svg = ..\docs\diagram\BIG_DECIMAL.svg
		..\docs\diagram\BIG_INTEGER.svg = ..\docs\diagram\BIG_INTEGER.svg
		..\docs\diagram\BLOB.svg = ..\docs\diagram\BLOB.svg
		..\docs\diagram\Block.svg = ..\docs\diagram\Block.svg
		..\docs\diagram\BOOLEAN.svg = ..\docs\diagram\BOOLEAN.svg
		..\docs\diagram\Break.svg = ..\docs\diagram\Break.svg
		..\docs\diagram\CaseLabel.svg = ..\docs\diagram\CaseLabel.svg
		..\docs\diagram\ClassDefinition.svg = ..\docs\diagram\ClassDefinition.svg
		..\docs\diagram\ClassMember.svg = ..\docs\diagram\ClassMember.svg
		..\docs\diagram\COMPLEX.svg = ..\docs\diagram\COMPLEX.svg
		..\docs\diagram\Composite.svg = ..\docs\diagram\Composite.svg
		..\docs\diagram\Condition.svg = ..\docs\diagram\Condition.svg
		..\docs\diagram\ConstantDecl.svg = ..\docs\diagram\ConstantDecl.svg
		..\docs\diagram\ConstructorCall.svg = ..\docs\diagram\ConstructorCall.svg
		..\docs\diagram\ConstructorSpec.svg = ..\docs\diagram\ConstructorSpec.svg
		..\docs\diagram\Continue.svg = ..\docs\diagram\Continue.svg
		..\docs\diagram\Conversion.svg = ..\docs\diagram\Conversion.svg
		..\docs\diagram\DATE.svg = ..\docs\diagram\DATE.svg
		..\docs\diagram\DECIMAL_INTEGER.svg = ..\docs\diagram\DECIMAL_INTEGER.svg
		..\docs\diagram\DIGIT.svg = ..\docs\diagram\DIGIT.svg
		..\docs\diagram\DoLoop.svg = ..\docs\diagram\DoLoop.svg
		..\docs\diagram\DOUBLE_QUOTED.svg = ..\docs\diagram\DOUBLE_QUOTED.svg
		..\docs\diagram\ESCAPE_SEQ.svg = ..\docs\diagram\ESCAPE_SEQ.svg
		..\docs\diagram\EventSpec.svg = ..\docs\diagram\EventSpec.svg
		..\docs\diagram\Exponentiation.svg = ..\docs\diagram\Exponentiation.svg
		..\docs\diagram\Expression.svg = ..\docs\diagram\Expression.svg
		..\docs\diagram\ExpressionList.svg = ..\docs\diagram\ExpressionList.svg
		..\docs\diagram\ExternalFunctionDecl.svg = ..\docs\diagram\ExternalFunctionDecl.svg
		..\docs\diagram\Factor.svg = ..\docs\diagram\Factor.svg
		..\docs\diagram\FieldSpec.svg = ..\docs\diagram\FieldSpec.svg
		..\docs\diagram\FLOAT.svg = ..\docs\diagram\FLOAT.svg
		..\docs\diagram\ForEachLoop.svg = ..\docs\diagram\ForEachLoop.svg
		..\docs\diagram\ForLoop.svg = ..\docs\diagram\ForLoop.svg
		..\docs\diagram\FunctionBody.svg = ..\docs\diagram\FunctionBody.svg
		..\docs\diagram\FunctionDecl.svg = ..\docs\diagram\FunctionDecl.svg
		..\docs\diagram\Goto.svg = ..\docs\diagram\Goto.svg
		..\docs\diagram\GroupingPattern.svg = ..\docs\diagram\GroupingPattern.svg
		..\docs\diagram\HEXDIGIT.svg = ..\docs\diagram\HEXDIGIT.svg
		..\docs\diagram\HEX_INTEGER.svg = ..\docs\diagram\HEX_INTEGER.svg
		..\docs\diagram\IDENTIFIER.svg = ..\docs\diagram\IDENTIFIER.svg
		..\docs\diagram\IfElse.svg = ..\docs\diagram\IfElse.svg
		..\docs\diagram\ImportDirective.svg = ..\docs\diagram\ImportDirective.svg
		..\docs\diagram\InlineFunction.svg = ..\docs\diagram\InlineFunction.svg
		..\docs\diagram\INTEGER.svg = ..\docs\diagram\INTEGER.svg
		..\docs\diagram\Label.svg = ..\docs\diagram\Label.svg
		..\docs\diagram\Lambda.svg = ..\docs\diagram\Lambda.svg
		..\docs\diagram\LETTER.svg = ..\docs\diagram\LETTER.svg
		..\docs\diagram\LETTER_EXTENDED.svg = ..\docs\diagram\LETTER_EXTENDED.svg
		..\docs\diagram\ListInitializer.svg = ..\docs\diagram\ListInitializer.svg
		..\docs\diagram\Literal.svg = ..\docs\diagram\Literal.svg
		..\docs\diagram\LogicalOperator.svg = ..\docs\diagram\LogicalOperator.svg
		..\docs\diagram\LogicalPattern.svg = ..\docs\diagram\LogicalPattern.svg
		..\docs\diagram\MapInitializer.svg = ..\docs\diagram\MapInitializer.svg
		..\docs\diagram\MapItemInitializer.svg = ..\docs\diagram\MapItemInitializer.svg
		..\docs\diagram\MapItemInitializerList.svg = ..\docs\diagram\MapItemInitializerList.svg
		..\docs\diagram\MatchCase.svg = ..\docs\diagram\MatchCase.svg
		..\docs\diagram\MatchCaseExpression.svg = ..\docs\diagram\MatchCaseExpression.svg
		..\docs\diagram\MatchCaseList.svg = ..\docs\diagram\MatchCaseList.svg
		..\docs\diagram\MemberPrefix.svg = ..\docs\diagram\MemberPrefix.svg
		..\docs\diagram\MemberSpec.svg = ..\docs\diagram\MemberSpec.svg
		..\docs\diagram\MethodBody.svg = ..\docs\diagram\MethodBody.svg
		..\docs\diagram\MethodSpec.svg = ..\docs\diagram\MethodSpec.svg
		..\docs\diagram\MODIFIER.svg = ..\docs\diagram\MODIFIER.svg
		..\docs\diagram\NamedArg.svg = ..\docs\diagram\NamedArg.svg
		..\docs\diagram\NamedArgList.svg = ..\docs\diagram\NamedArgList.svg
		..\docs\diagram\NegativePattern.svg = ..\docs\diagram\NegativePattern.svg
		..\docs\diagram\ObjectInitializer.svg = ..\docs\diagram\ObjectInitializer.svg
		..\docs\diagram\ObjectPattern.svg = ..\docs\diagram\ObjectPattern.svg
		..\docs\diagram\OperatorSpec.svg = ..\docs\diagram\OperatorSpec.svg
		..\docs\diagram\OverloadableOperator.svg = ..\docs\diagram\OverloadableOperator.svg
		..\docs\diagram\Parameter.svg = ..\docs\diagram\Parameter.svg
		..\docs\diagram\ParameterList.svg = ..\docs\diagram\ParameterList.svg
		..\docs\diagram\ParenthesizedExpression.svg = ..\docs\diagram\ParenthesizedExpression.svg
		..\docs\diagram\Pattern.svg = ..\docs\diagram\Pattern.svg
		..\docs\diagram\PostfixUnaryExpression.svg = ..\docs\diagram\PostfixUnaryExpression.svg
		..\docs\diagram\PrefixUnaryExpression.svg = ..\docs\diagram\PrefixUnaryExpression.svg
		..\docs\diagram\Program.svg = ..\docs\diagram\Program.svg
		..\docs\diagram\PropertySpec.svg = ..\docs\diagram\PropertySpec.svg
		..\docs\diagram\QualifiedName.svg = ..\docs\diagram\QualifiedName.svg
		..\docs\diagram\REAL.svg = ..\docs\diagram\REAL.svg
		..\docs\diagram\Reference.svg = ..\docs\diagram\Reference.svg
		..\docs\diagram\Relation.svg = ..\docs\diagram\Relation.svg
		..\docs\diagram\RelationalOperator.svg = ..\docs\diagram\RelationalOperator.svg
		..\docs\diagram\Return.svg = ..\docs\diagram\Return.svg
		..\docs\diagram\rr-2.6.svg = ..\docs\diagram\rr-2.6.svg
		..\docs\diagram\SCOPE.svg = ..\docs\diagram\SCOPE.svg
		..\docs\diagram\SetInitializer.svg = ..\docs\diagram\SetInitializer.svg
		..\docs\diagram\SINGLE_QUOTED.svg = ..\docs\diagram\SINGLE_QUOTED.svg
		..\docs\diagram\SPECIAL_IDENTIFIER.svg = ..\docs\diagram\SPECIAL_IDENTIFIER.svg
		..\docs\diagram\STANDARD_IDENTIFIER.svg = ..\docs\diagram\STANDARD_IDENTIFIER.svg
		..\docs\diagram\Statement.svg = ..\docs\diagram\Statement.svg
		..\docs\diagram\StatementWithLabels.svg = ..\docs\diagram\StatementWithLabels.svg
		..\docs\diagram\STRING.svg = ..\docs\diagram\STRING.svg
		..\docs\diagram\SwitchBlock.svg = ..\docs\diagram\SwitchBlock.svg
		..\docs\diagram\Term.svg = ..\docs\diagram\Term.svg
		..\docs\diagram\TernaryExpression.svg = ..\docs\diagram\TernaryExpression.svg
		..\docs\diagram\Throw.svg = ..\docs\diagram\Throw.svg
		..\docs\diagram\TryCatchFinally.svg = ..\docs\diagram\TryCatchFinally.svg
		..\docs\diagram\TupleInitializer.svg = ..\docs\diagram\TupleInitializer.svg
		..\docs\diagram\TYPE_NAME.svg = ..\docs\diagram\TYPE_NAME.svg
		..\docs\diagram\ValuePattern.svg = ..\docs\diagram\ValuePattern.svg
		..\docs\diagram\VariableDecl.svg = ..\docs\diagram\VariableDecl.svg
		..\docs\diagram\VariableSetter.svg = ..\docs\diagram\VariableSetter.svg
		..\docs\diagram\VariableSetterList.svg = ..\docs\diagram\VariableSetterList.svg
		..\docs\diagram\WhileLoop.svg = ..\docs\diagram\WhileLoop.svg
		..\docs\diagram\Yield.svg = ..\docs\diagram\Yield.svg
		..\docs\diagram\MUTABLE_STRING.svg = ..\docs\diagram\MUTABLE_STRING.svg
	EndProjectSection
EndProject
Project("{2150E333-8FDC-42A3-9474-1A3956D46DE8}") = "assets", "assets", "{22B34391-D678-49C7-9202-E48A9F43800D}"
	ProjectSection(SolutionItems) = preProject
		..\docs\assets\addy.jpg = ..\docs\assets\addy.jpg
		..\docs\assets\asgui.jpg = ..\docs\assets\asgui.jpg
		..\docs\assets\asis.jpg = ..\docs\assets\asis.jpg
		..\docs\assets\banner.jpg = ..\docs\assets\banner.jpg
		..\docs\assets\cover.jpg = ..\docs\assets\cover.jpg
		..\docs\assets\grammar.ebnf = ..\docs\assets\grammar.ebnf
		..\docs\assets\manual.css = ..\docs\assets\manual.css
		..\docs\assets\tree.jpg = ..\docs\assets\tree.jpg
	EndProjectSection
EndProject
Global
	GlobalSection(SolutionConfigurationPlatforms) = preSolution
		Debug|Any CPU = Debug|Any CPU
		Release|Any CPU = Release|Any CPU
	EndGlobalSection
	GlobalSection(ProjectConfigurationPlatforms) = postSolution
		{A114CFE7-08D1-46CC-8131-22111E4DA0D2}.Debug|Any CPU.ActiveCfg = Debug|Any CPU
		{A114CFE7-08D1-46CC-8131-22111E4DA0D2}.Debug|Any CPU.Build.0 = Debug|Any CPU
		{A114CFE7-08D1-46CC-8131-22111E4DA0D2}.Release|Any CPU.ActiveCfg = Release|Any CPU
		{A114CFE7-08D1-46CC-8131-22111E4DA0D2}.Release|Any CPU.Build.0 = Release|Any CPU
		{0FE376A9-5370-42AE-8EF0-D3D28B93F82B}.Debug|Any CPU.ActiveCfg = Debug|Any CPU
		{0FE376A9-5370-42AE-8EF0-D3D28B93F82B}.Debug|Any CPU.Build.0 = Debug|Any CPU
		{0FE376A9-5370-42AE-8EF0-D3D28B93F82B}.Release|Any CPU.ActiveCfg = Release|Any CPU
		{0FE376A9-5370-42AE-8EF0-D3D28B93F82B}.Release|Any CPU.Build.0 = Release|Any CPU
		{0A24A20E-8751-417A-B77C-B71DB21F609A}.Debug|Any CPU.ActiveCfg = Debug|Any CPU
		{0A24A20E-8751-417A-B77C-B71DB21F609A}.Debug|Any CPU.Build.0 = Debug|Any CPU
		{0A24A20E-8751-417A-B77C-B71DB21F609A}.Release|Any CPU.ActiveCfg = Release|Any CPU
		{0A24A20E-8751-417A-B77C-B71DB21F609A}.Release|Any CPU.Build.0 = Release|Any CPU
		{59C242A8-5333-443E-8E8F-17EDD536F234}.Debug|Any CPU.ActiveCfg = Debug|Any CPU
		{59C242A8-5333-443E-8E8F-17EDD536F234}.Debug|Any CPU.Build.0 = Debug|Any CPU
		{59C242A8-5333-443E-8E8F-17EDD536F234}.Release|Any CPU.ActiveCfg = Release|Any CPU
		{59C242A8-5333-443E-8E8F-17EDD536F234}.Release|Any CPU.Build.0 = Release|Any CPU
		{CB0753C7-9EEE-4A94-B2E0-9A68DC358B17}.Debug|Any CPU.ActiveCfg = Debug|Any CPU
		{CB0753C7-9EEE-4A94-B2E0-9A68DC358B17}.Debug|Any CPU.Build.0 = Debug|Any CPU
		{CB0753C7-9EEE-4A94-B2E0-9A68DC358B17}.Release|Any CPU.ActiveCfg = Release|Any CPU
		{CB0753C7-9EEE-4A94-B2E0-9A68DC358B17}.Release|Any CPU.Build.0 = Release|Any CPU
	EndGlobalSection
	GlobalSection(SolutionProperties) = preSolution
		HideSolutionNode = FALSE
	EndGlobalSection
	GlobalSection(NestedProjects) = preSolution
		{B0734001-F12C-4887-8AF0-898C5FD43CC4} = {AF129D32-8893-4D2F-8FB2-42D5394F1056}
		{6EBB68CC-3D46-49CF-8606-9E9B1F852E1F} = {AF129D32-8893-4D2F-8FB2-42D5394F1056}
		{409F11D0-0D63-4D73-9DAB-D79C38FC68DC} = {6EBB68CC-3D46-49CF-8606-9E9B1F852E1F}
		{22B34391-D678-49C7-9202-E48A9F43800D} = {6EBB68CC-3D46-49CF-8606-9E9B1F852E1F}
	EndGlobalSection
	GlobalSection(ExtensibilityGlobals) = postSolution
		SolutionGuid = {2F75050D-FFD7-4560-A6BB-F1B696C11762}
	EndGlobalSection
EndGlobal
